
Microsoft Visual Studio Solution File, Format Version 12.00
# Visual Studio Version 16
VisualStudioVersion = 16.0.32228.343
MinimumVisualStudioVersion = 10.0.40219.1
Project("{9A19103F-16F7-4668-BE54-9A1E7A4F7556}") = "TG4", "TG4\TG4.csproj", "{0F278ABE-5491-4617-B95F-F7C80E85F94D}"
EndProject
Project("{9A19103F-16F7-4668-BE54-9A1E7A4F7556}") = "Persistences", "Persistence\Persistences.csproj", "{D6617D3D-A8A9-4619-B48A-D77B6A96BB26}"
EndProject
Project("{9A19103F-16F7-4668-BE54-9A1E7A4F7556}") = "Aplications", "Aplication\Aplications.csproj", "{FC0D9FFD-4DB9-4B69-948C-20205BB23FFE}"
EndProject
Project("{9A19103F-16F7-4668-BE54-9A1E7A4F7556}") = "Domains", "Domains\Domains.csproj", "{21917A35-B397-43C8-98CE-66137484A856}"
EndProject
Project("{FAE04EC0-301F-11D3-BF4B-00C04F79EFBC}") = "Services.Test", "Services.Test\Services.Test.csproj", "{1E477722-BF3A-481E-90FA-0CC8975C9B0D}"
EndProject
Global
	GlobalSection(SolutionConfigurationPlatforms) = preSolution
		Debug|Any CPU = Debug|Any CPU
		Release|Any CPU = Release|Any CPU
	EndGlobalSection
	GlobalSection(ProjectConfigurationPlatforms) = postSolution
		{0F278ABE-5491-4617-B95F-F7C80E85F94D}.Debug|Any CPU.ActiveCfg = Debug|Any CPU
		{0F278ABE-5491-4617-B95F-F7C80E85F94D}.Debug|Any CPU.Build.0 = Debug|Any CPU
		{0F278ABE-5491-4617-B95F-F7C80E85F94D}.Release|Any CPU.ActiveCfg = Release|Any CPU
		{0F278ABE-5491-4617-B95F-F7C80E85F94D}.Release|Any CPU.Build.0 = Release|Any CPU
		{D6617D3D-A8A9-4619-B48A-D77B6A96BB26}.Debug|Any CPU.ActiveCfg = Debug|Any CPU
		{D6617D3D-A8A9-4619-B48A-D77B6A96BB26}.Debug|Any CPU.Build.0 = Debug|Any CPU
		{D6617D3D-A8A9-4619-B48A-D77B6A96BB26}.Release|Any CPU.ActiveCfg = Release|Any CPU
		{D6617D3D-A8A9-4619-B48A-D77B6A96BB26}.Release|Any CPU.Build.0 = Release|Any CPU
		{FC0D9FFD-4DB9-4B69-948C-20205BB23FFE}.Debug|Any CPU.ActiveCfg = Debug|Any CPU
		{FC0D9FFD-4DB9-4B69-948C-20205BB23FFE}.Debug|Any CPU.Build.0 = Debug|Any CPU
		{FC0D9FFD-4DB9-4B69-948C-20205BB23FFE}.Release|Any CPU.ActiveCfg = Release|Any CPU
		{FC0D9FFD-4DB9-4B69-948C-20205BB23FFE}.Release|Any CPU.Build.0 = Release|Any CPU
		{21917A35-B397-43C8-98CE-66137484A856}.Debug|Any CPU.ActiveCfg = Debug|Any CPU
		{21917A35-B397-43C8-98CE-66137484A856}.Debug|Any CPU.Build.0 = Debug|Any CPU
		{21917A35-B397-43C8-98CE-66137484A856}.Release|Any CPU.ActiveCfg = Release|Any CPU
		{21917A35-B397-43C8-98CE-66137484A856}.Release|Any CPU.Build.0 = Release|Any CPU
		{1E477722-BF3A-481E-90FA-0CC8975C9B0D}.Debug|Any CPU.ActiveCfg = Debug|Any CPU
		{1E477722-BF3A-481E-90FA-0CC8975C9B0D}.Debug|Any CPU.Build.0 = Debug|Any CPU
		{1E477722-BF3A-481E-90FA-0CC8975C9B0D}.Release|Any CPU.ActiveCfg = Release|Any CPU
		{1E477722-BF3A-481E-90FA-0CC8975C9B0D}.Release|Any CPU.Build.0 = Release|Any CPU
	EndGlobalSection
	GlobalSection(SolutionProperties) = preSolution
		HideSolutionNode = FALSE
	EndGlobalSection
	GlobalSection(ExtensibilityGlobals) = postSolution
		SolutionGuid = {5BFD7894-2295-46AC-AD4B-EF4F19FCB4A2}
	EndGlobalSection
EndGlobal
